
Microsoft Visual Studio Solution File, Format Version 12.00
# Visual Studio Version 16
VisualStudioVersion = 16.0.29806.167
MinimumVisualStudioVersion = 10.0.40219.1
Project("{FAE04EC0-301F-11D3-BF4B-00C04F79EFBC}") = "CryptoDes", "CryptoDes\CryptoDes.csproj", "{D7E999AE-DAC4-4E73-96E9-CCEA840CCB28}"
EndProject
Global
	GlobalSection(SolutionConfigurationPlatforms) = preSolution
		Debug|Any CPU = Debug|Any CPU
		Release|Any CPU = Release|Any CPU
	EndGlobalSection
	GlobalSection(ProjectConfigurationPlatforms) = postSolution
		{D7E999AE-DAC4-4E73-96E9-CCEA840CCB28}.Debug|Any CPU.ActiveCfg = Debug|Any CPU
		{D7E999AE-DAC4-4E73-96E9-CCEA840CCB28}.Debug|Any CPU.Build.0 = Debug|Any CPU
		{D7E999AE-DAC4-4E73-96E9-CCEA840CCB28}.Release|Any CPU.ActiveCfg = Release|Any CPU
		{D7E999AE-DAC4-4E73-96E9-CCEA840CCB28}.Release|Any CPU.Build.0 = Release|Any CPU
	EndGlobalSection
	GlobalSection(SolutionProperties) = preSolution
		HideSolutionNode = FALSE
	EndGlobalSection
	GlobalSection(ExtensibilityGlobals) = postSolution
		SolutionGuid = {9B841624-F30E-4BF9-9945-98B31E707662}
	EndGlobalSection
EndGlobal
